{
  "name": "uni-practise1-eshop",
  "version": "1.0.0",
  "lockfileVersion": 2,
  "requires": true,
  "packages": {
    "": {
      "name": "uni-practise1-eshop",
      "version": "1.0.0",
      "license": "ISC",
      "dependencies": {
        "miniprogram-request": "^5.3.0-alpha.0"
      }
    },
    "node_modules/miniprogram-cancel-token": {
      "version": "5.1.2",
      "resolved": "https://registry.npmmirror.com/miniprogram-cancel-token/-/miniprogram-cancel-token-5.1.2.tgz",
      "integrity": "sha512-FuEqPbJNUKQQRcpNxis9uecVpHrjzGp0N9UfTHkQZjJuxP8OOD2fXWRcqFBh6WmitHwfSj4IzVJ+VFSJEglFyg=="
    },
    "node_modules/miniprogram-network-life-cycle": {
      "version": "5.3.0-alpha.0",
      "resolved": "https://registry.npmmirror.com/miniprogram-network-life-cycle/-/miniprogram-network-life-cycle-5.3.0-alpha.0.tgz",
      "integrity": "sha512-HBRlzInzzLYQcXEQKDtrgXj29vvrpPwuy07Sj1MrKs/JBw2ahAolu34/PglhVp/w6d6Y+oPpnptFjO4/bHBVvA==",
      "dependencies": {
        "miniprogram-cancel-token": "^5.1.2",
        "miniprogram-network-utils": "^5.3.0-alpha.0"
      }
    },
    "node_modules/miniprogram-network-utils": {
      "version": "5.3.0-alpha.0",
      "resolved": "https://registry.npmmirror.com/miniprogram-network-utils/-/miniprogram-network-utils-5.3.0-alpha.0.tgz",
      "integrity": "sha512-wnrm3Ii1UHnQuo294FANC2k6v91smaQE4+lz+dYUvlvebrHfFdX7LgUk4BkvcP38Mud/gt+6/XrLMgXou6//xw=="
    },
    "node_modules/miniprogram-request": {
      "version": "5.3.0-alpha.0",
      "resolved": "https://registry.npmmirror.com/miniprogram-request/-/miniprogram-request-5.3.0-alpha.0.tgz",
      "integrity": "sha512-ybwG1rCBWOm/Y92C9nSxasdy2VuKAKdWv//adftXGugo4OYd56NOfzLWXOkIDaydUdpG7qlUZSe19gBXcxCTYQ==",
      "dependencies": {
        "miniprogram-network-life-cycle": "^5.3.0-alpha.0",
        "miniprogram-network-utils": "^5.3.0-alpha.0"
      }
    }
  },
  "dependencies": {
    "miniprogram-cancel-token": {
      "version": "5.1.2",
      "resolved": "https://registry.npmmirror.com/miniprogram-cancel-token/-/miniprogram-cancel-token-5.1.2.tgz",
      "integrity": "sha512-FuEqPbJNUKQQRcpNxis9uecVpHrjzGp0N9UfTHkQZjJuxP8OOD2fXWRcqFBh6WmitHwfSj4IzVJ+VFSJEglFyg=="
    },
    "miniprogram-network-life-cycle": {
      "version": "5.3.0-alpha.0",
      "resolved": "https://registry.npmmirror.com/miniprogram-network-life-cycle/-/miniprogram-network-life-cycle-5.3.0-alpha.0.tgz",
      "integrity": "sha512-HBRlzInzzLYQcXEQKDtrgXj29vvrpPwuy07Sj1MrKs/JBw2ahAolu34/PglhVp/w6d6Y+oPpnptFjO4/bHBVvA==",
      "requires": {
        "miniprogram-cancel-token": "^5.1.2",
        "miniprogram-network-utils": "^5.3.0-alpha.0"
      }
    },
    "miniprogram-network-utils": {
      "version": "5.3.0-alpha.0",
      "resolved": "https://registry.npmmirror.com/miniprogram-network-utils/-/miniprogram-network-utils-5.3.0-alpha.0.tgz",
      "integrity": "sha512-wnrm3Ii1UHnQuo294FANC2k6v91smaQE4+lz+dYUvlvebrHfFdX7LgUk4BkvcP38Mud/gt+6/XrLMgXou6//xw=="
    },
    "miniprogram-request": {
      "version": "5.3.0-alpha.0",
      "resolved": "https://registry.npmmirror.com/miniprogram-request/-/miniprogram-request-5.3.0-alpha.0.tgz",
      "integrity": "sha512-ybwG1rCBWOm/Y92C9nSxasdy2VuKAKdWv//adftXGugo4OYd56NOfzLWXOkIDaydUdpG7qlUZSe19gBXcxCTYQ==",
      "requires": {
        "miniprogram-network-life-cycle": "^5.3.0-alpha.0",
        "miniprogram-network-utils": "^5.3.0-alpha.0"
      }
    }
  }
}
